
Microsoft Visual Studio Solution File, Format Version 12.00
# Visual Studio Version 16
VisualStudioVersion = 16.0.31205.134
MinimumVisualStudioVersion = 10.0.40219.1
Project("{FAE04EC0-301F-11D3-BF4B-00C04F79EFBC}") = "FleetWebApi", "FleetWebApi\FleetWebApi.csproj", "{7235C982-F864-4DD6-B5A3-823EF43DC0E5}"
EndProject
Global
	GlobalSection(SolutionConfigurationPlatforms) = preSolution
		Debug|Any CPU = Debug|Any CPU
		Release|Any CPU = Release|Any CPU
	EndGlobalSection
	GlobalSection(ProjectConfigurationPlatforms) = postSolution
		{7235C982-F864-4DD6-B5A3-823EF43DC0E5}.Debug|Any CPU.ActiveCfg = Debug|Any CPU
		{7235C982-F864-4DD6-B5A3-823EF43DC0E5}.Debug|Any CPU.Build.0 = Debug|Any CPU
		{7235C982-F864-4DD6-B5A3-823EF43DC0E5}.Release|Any CPU.ActiveCfg = Release|Any CPU
		{7235C982-F864-4DD6-B5A3-823EF43DC0E5}.Release|Any CPU.Build.0 = Release|Any CPU
	EndGlobalSection
	GlobalSection(SolutionProperties) = preSolution
		HideSolutionNode = FALSE
	EndGlobalSection
	GlobalSection(ExtensibilityGlobals) = postSolution
		SolutionGuid = {935D4B1D-F83D-4145-BC6B-B111B0763ABD}
	EndGlobalSection
EndGlobal
